
Microsoft Visual Studio Solution File, Format Version 12.00
# Visual Studio Version 17
VisualStudioVersion = 17.10.34916.146
MinimumVisualStudioVersion = 10.0.40219.1
Project("{FAE04EC0-301F-11D3-BF4B-00C04F79EFBC}") = "BeReal", "BeReal\BeReal.csproj", "{D63D183F-856B-47C5-BB92-BA3A87CD4B3F}"
EndProject
Global
	GlobalSection(SolutionConfigurationPlatforms) = preSolution
		Debug|Any CPU = Debug|Any CPU
		Release|Any CPU = Release|Any CPU
	EndGlobalSection
	GlobalSection(ProjectConfigurationPlatforms) = postSolution
		{D63D183F-856B-47C5-BB92-BA3A87CD4B3F}.Debug|Any CPU.ActiveCfg = Debug|Any CPU
		{D63D183F-856B-47C5-BB92-BA3A87CD4B3F}.Debug|Any CPU.Build.0 = Debug|Any CPU
		{D63D183F-856B-47C5-BB92-BA3A87CD4B3F}.Release|Any CPU.ActiveCfg = Release|Any CPU
		{D63D183F-856B-47C5-BB92-BA3A87CD4B3F}.Release|Any CPU.Build.0 = Release|Any CPU
	EndGlobalSection
	GlobalSection(SolutionProperties) = preSolution
		HideSolutionNode = FALSE
	EndGlobalSection
	GlobalSection(ExtensibilityGlobals) = postSolution
		SolutionGuid = {9A0C3F03-B163-43A7-A783-B592D1F3C401}
	EndGlobalSection
EndGlobal
